# THIS IS AN AUTOGENERATED FILE. DO NOT EDIT THIS FILE DIRECTLY.
# yarn lockfile v1


"@playwright/test@^1.42.0":
  "integrity" "sha512-2k1HzC28Fs+HiwbJOQDUwrWMttqSLUVdjCqitBOjdCD0svWOMQUVqrXX6iFD7POps6xXAojsX/dGBpKnjZctLA=="
  "resolved" "https://registry.npmjs.org/@playwright/test/-/test-1.42.0.tgz"
  "version" "1.42.0"
  dependencies:
    "playwright" "1.42.0"

"allure-js-commons@2.13.0":
  "integrity" "sha512-IUT5Lyw+pAUku89Bxp6zltY6DFLYbt6vfpjRxM4Du4wKdPDrFNSPh4iPlKo3+11uctQqO+9xWUq9jH2c6SxKKA=="
  "resolved" "https://registry.npmjs.org/allure-js-commons/-/allure-js-commons-2.13.0.tgz"
  "version" "2.13.0"
  dependencies:
    "properties" "^1.2.1"
    "strip-ansi" "^5.2.0"

"allure-playwright@^2.13.0":
  "integrity" "sha512-AlPZWR7Yrc71UkWtKGkmsEFv6NI02KrzjgfVVxjN/fgpUcmYpQKUFnQbzm8/hUeYrALAl6PJfS6kWFsTaBy4Qw=="
  "resolved" "https://registry.npmjs.org/allure-playwright/-/allure-playwright-2.13.0.tgz"
  "version" "2.13.0"
  dependencies:
    "allure-js-commons" "2.13.0"

"ansi-regex@^4.1.0":
  "integrity" "sha512-ILlv4k/3f6vfQ4OoP2AGvirOktlQ98ZEL1k9FaQjxa3L1abBgbuTDAdPOpvbGncC0BTVQrl+OM8xZGK6tWXt7g=="
  "resolved" "https://registry.npmjs.org/ansi-regex/-/ansi-regex-4.1.1.tgz"
  "version" "4.1.1"

"fsevents@2.3.2":
  "integrity" "sha512-xiqMQR4xAeHTuB9uWm+fFRcIOgKBMiOBP+eXiyT7jsgVCq1bkVygt00oASowB7EdtpOHaaPgKt812P9ab+DDKA=="
  "resolved" "https://registry.npmjs.org/fsevents/-/fsevents-2.3.2.tgz"
  "version" "2.3.2"

"playwright-core@1.42.0":
  "integrity" "sha512-0HD9y8qEVlcbsAjdpBaFjmaTHf+1FeIddy8VJLeiqwhcNqGCBe4Wp2e8knpqiYbzxtxarxiXyNDw2cG8sCaNMQ=="
  "resolved" "https://registry.npmjs.org/playwright-core/-/playwright-core-1.42.0.tgz"
  "version" "1.42.0"

"playwright@1.42.0":
  "integrity" "sha512-Ko7YRUgj5xBHbntrgt4EIw/nE//XBHOKVKnBjO1KuZkmkhlbgyggTe5s9hjqQ1LpN+Xg+kHsQyt5Pa0Bw5XpvQ=="
  "resolved" "https://registry.npmjs.org/playwright/-/playwright-1.42.0.tgz"
  "version" "1.42.0"
  dependencies:
    "playwright-core" "1.42.0"
  optionalDependencies:
    "fsevents" "2.3.2"

"properties@^1.2.1":
  "integrity" "sha512-qYNxyMj1JeW54i/EWEFsM1cVwxJbtgPp8+0Wg9XjNaK6VE/c4oRi6PNu5p7w1mNXEIQIjV5Wwn8v8Gz82/QzdQ=="
  "resolved" "https://registry.npmjs.org/properties/-/properties-1.2.1.tgz"
  "version" "1.2.1"

"strip-ansi@^5.2.0":
  "integrity" "sha512-DuRs1gKbBqsMKIZlrffwlug8MHkcnpjs5VPmL1PAh+mA30U0DTotfDZ0d2UUsXpPmPmMMJ6W773MaA3J+lbiWA=="
  "resolved" "https://registry.npmjs.org/strip-ansi/-/strip-ansi-5.2.0.tgz"
  "version" "5.2.0"
  dependencies:
    "ansi-regex" "^4.1.0"
